
Microsoft Visual Studio Solution File, Format Version 12.00
# Visual Studio Version 17
VisualStudioVersion = 17.8.34316.72
MinimumVisualStudioVersion = 10.0.40219.1
Project("{2150E333-8FDC-42A3-9474-1A3956D46DE8}") = "FrontEnd", "FrontEnd", "{862B7DCD-45B6-41F0-B5CA-7B866858B0F8}"
EndProject
Project("{2150E333-8FDC-42A3-9474-1A3956D46DE8}") = "Gateway", "Gateway", "{CC9A0102-FF30-4672-857F-E438F500AF37}"
EndProject
Project("{2150E333-8FDC-42A3-9474-1A3956D46DE8}") = "Integration", "Integration", "{72DBB821-814C-4D7E-B4E0-AC4AD48E5FD9}"
EndProject
Project("{2150E333-8FDC-42A3-9474-1A3956D46DE8}") = "Services", "Services", "{4719A19A-9CA0-4218-A7C9-C3F721D41BB5}"
EndProject
Project("{9A19103F-16F7-4668-BE54-9A1E7A4F7556}") = "Mango.Services.CouponApi", "Services\Mango.Services.CouponApi\Mango.Services.CouponApi.csproj", "{498EEDBF-E6FB-446D-B7E8-02A0199A92EA}"
EndProject
Project("{2150E333-8FDC-42A3-9474-1A3956D46DE8}") = "Framework", "Framework", "{DDCC246A-CCE3-4E98-99A0-DC9171F69869}"
EndProject
Project("{9A19103F-16F7-4668-BE54-9A1E7A4F7556}") = "Mango.Framework.Core", "Framework\Mango.Framework.Core\Mango.Framework.Core.csproj", "{108082B2-FC91-4581-9FBF-FF4E57C8C11D}"
EndProject
Project("{9A19103F-16F7-4668-BE54-9A1E7A4F7556}") = "Mango.Framework.Infrastructure", "Framework\Mango.Framework.Infrastructure\Mango.Framework.Infrastructure.csproj", "{9999F8EF-CF5D-43E8-BA8F-72633509026B}"
EndProject
Project("{FAE04EC0-301F-11D3-BF4B-00C04F79EFBC}") = "Mango.Framework.Web", "Framework\Mango.Framework.Web\Mango.Framework.Web.csproj", "{BE7A4782-CEFB-400F-8890-F723496EE979}"
EndProject
Project("{2150E333-8FDC-42A3-9474-1A3956D46DE8}") = "Admin", "Admin", "{1208B495-D8D6-4BED-90D9-9F97A2D4121F}"
EndProject
Project("{FAE04EC0-301F-11D3-BF4B-00C04F79EFBC}") = "Mango.Admin", "FrontEnd\Admin\Mango.Admin\Mango.Admin.csproj", "{05A70CD3-4DA7-4FEF-A3E7-BA9E7F1EEEA1}"
EndProject
Project("{FAE04EC0-301F-11D3-BF4B-00C04F79EFBC}") = "Mango.Framework.Service", "Framework\Mango.Framework.Service\Mango.Framework.Service.csproj", "{066CBEB3-455A-493D-81E3-3820A8B16969}"
EndProject
Global
	GlobalSection(SolutionConfigurationPlatforms) = preSolution
		Debug|Any CPU = Debug|Any CPU
		Release|Any CPU = Release|Any CPU
	EndGlobalSection
	GlobalSection(ProjectConfigurationPlatforms) = postSolution
		{498EEDBF-E6FB-446D-B7E8-02A0199A92EA}.Debug|Any CPU.ActiveCfg = Debug|Any CPU
		{498EEDBF-E6FB-446D-B7E8-02A0199A92EA}.Debug|Any CPU.Build.0 = Debug|Any CPU
		{498EEDBF-E6FB-446D-B7E8-02A0199A92EA}.Release|Any CPU.ActiveCfg = Release|Any CPU
		{498EEDBF-E6FB-446D-B7E8-02A0199A92EA}.Release|Any CPU.Build.0 = Release|Any CPU
		{108082B2-FC91-4581-9FBF-FF4E57C8C11D}.Debug|Any CPU.ActiveCfg = Debug|Any CPU
		{108082B2-FC91-4581-9FBF-FF4E57C8C11D}.Debug|Any CPU.Build.0 = Debug|Any CPU
		{108082B2-FC91-4581-9FBF-FF4E57C8C11D}.Release|Any CPU.ActiveCfg = Release|Any CPU
		{108082B2-FC91-4581-9FBF-FF4E57C8C11D}.Release|Any CPU.Build.0 = Release|Any CPU
		{9999F8EF-CF5D-43E8-BA8F-72633509026B}.Debug|Any CPU.ActiveCfg = Debug|Any CPU
		{9999F8EF-CF5D-43E8-BA8F-72633509026B}.Debug|Any CPU.Build.0 = Debug|Any CPU
		{9999F8EF-CF5D-43E8-BA8F-72633509026B}.Release|Any CPU.ActiveCfg = Release|Any CPU
		{9999F8EF-CF5D-43E8-BA8F-72633509026B}.Release|Any CPU.Build.0 = Release|Any CPU
		{BE7A4782-CEFB-400F-8890-F723496EE979}.Debug|Any CPU.ActiveCfg = Debug|Any CPU
		{BE7A4782-CEFB-400F-8890-F723496EE979}.Debug|Any CPU.Build.0 = Debug|Any CPU
		{BE7A4782-CEFB-400F-8890-F723496EE979}.Release|Any CPU.ActiveCfg = Release|Any CPU
		{BE7A4782-CEFB-400F-8890-F723496EE979}.Release|Any CPU.Build.0 = Release|Any CPU
		{05A70CD3-4DA7-4FEF-A3E7-BA9E7F1EEEA1}.Debug|Any CPU.ActiveCfg = Debug|Any CPU
		{05A70CD3-4DA7-4FEF-A3E7-BA9E7F1EEEA1}.Debug|Any CPU.Build.0 = Debug|Any CPU
		{05A70CD3-4DA7-4FEF-A3E7-BA9E7F1EEEA1}.Release|Any CPU.ActiveCfg = Release|Any CPU
		{05A70CD3-4DA7-4FEF-A3E7-BA9E7F1EEEA1}.Release|Any CPU.Build.0 = Release|Any CPU
		{066CBEB3-455A-493D-81E3-3820A8B16969}.Debug|Any CPU.ActiveCfg = Debug|Any CPU
		{066CBEB3-455A-493D-81E3-3820A8B16969}.Debug|Any CPU.Build.0 = Debug|Any CPU
		{066CBEB3-455A-493D-81E3-3820A8B16969}.Release|Any CPU.ActiveCfg = Release|Any CPU
		{066CBEB3-455A-493D-81E3-3820A8B16969}.Release|Any CPU.Build.0 = Release|Any CPU
	EndGlobalSection
	GlobalSection(SolutionProperties) = preSolution
		HideSolutionNode = FALSE
	EndGlobalSection
	GlobalSection(NestedProjects) = preSolution
		{498EEDBF-E6FB-446D-B7E8-02A0199A92EA} = {4719A19A-9CA0-4218-A7C9-C3F721D41BB5}
		{108082B2-FC91-4581-9FBF-FF4E57C8C11D} = {DDCC246A-CCE3-4E98-99A0-DC9171F69869}
		{9999F8EF-CF5D-43E8-BA8F-72633509026B} = {DDCC246A-CCE3-4E98-99A0-DC9171F69869}
		{BE7A4782-CEFB-400F-8890-F723496EE979} = {DDCC246A-CCE3-4E98-99A0-DC9171F69869}
		{1208B495-D8D6-4BED-90D9-9F97A2D4121F} = {862B7DCD-45B6-41F0-B5CA-7B866858B0F8}
		{05A70CD3-4DA7-4FEF-A3E7-BA9E7F1EEEA1} = {1208B495-D8D6-4BED-90D9-9F97A2D4121F}
		{066CBEB3-455A-493D-81E3-3820A8B16969} = {DDCC246A-CCE3-4E98-99A0-DC9171F69869}
	EndGlobalSection
	GlobalSection(ExtensibilityGlobals) = postSolution
		SolutionGuid = {049D7B81-CB58-4F63-B8CD-E2175269D262}
	EndGlobalSection
EndGlobal
